
Microsoft Visual Studio Solution File, Format Version 12.00
# Visual Studio Version 17
VisualStudioVersion = 17.7.34031.279
MinimumVisualStudioVersion = 10.0.40219.1
Project("{FAE04EC0-301F-11D3-BF4B-00C04F79EFBC}") = "Education_Consultancy", "Education_Consultancy.csproj", "{1B290D76-8DBF-4905-BEFB-C4DED48AB3FB}"
EndProject
Global
	GlobalSection(SolutionConfigurationPlatforms) = preSolution
		Debug|Any CPU = Debug|Any CPU
		Release|Any CPU = Release|Any CPU
	EndGlobalSection
	GlobalSection(ProjectConfigurationPlatforms) = postSolution
		{1B290D76-8DBF-4905-BEFB-C4DED48AB3FB}.Debug|Any CPU.ActiveCfg = Debug|Any CPU
		{1B290D76-8DBF-4905-BEFB-C4DED48AB3FB}.Debug|Any CPU.Build.0 = Debug|Any CPU
		{1B290D76-8DBF-4905-BEFB-C4DED48AB3FB}.Release|Any CPU.ActiveCfg = Release|Any CPU
		{1B290D76-8DBF-4905-BEFB-C4DED48AB3FB}.Release|Any CPU.Build.0 = Release|Any CPU
	EndGlobalSection
	GlobalSection(SolutionProperties) = preSolution
		HideSolutionNode = FALSE
	EndGlobalSection
	GlobalSection(ExtensibilityGlobals) = postSolution
		SolutionGuid = {DED8EE87-DE4F-4FBD-BAE8-12796DFE9C7D}
	EndGlobalSection
EndGlobal
